
Microsoft Visual Studio Solution File, Format Version 12.00
# Visual Studio 15
VisualStudioVersion = 15.0.27703.2042
MinimumVisualStudioVersion = 10.0.40219.1
Project("{8BC9CEB8-8B4A-11D0-8D11-00A0C91BC942}") = "cetvrti cas pr3", "cetvrti cas pr3\cetvrti cas pr3.vcxproj", "{3AE04C3A-1036-42DC-B4E9-1EB5C2A24B60}"
EndProject
Global
	GlobalSection(SolutionConfigurationPlatforms) = preSolution
		Debug|x64 = Debug|x64
		Debug|x86 = Debug|x86
		Release|x64 = Release|x64
		Release|x86 = Release|x86
	EndGlobalSection
	GlobalSection(ProjectConfigurationPlatforms) = postSolution
		{3AE04C3A-1036-42DC-B4E9-1EB5C2A24B60}.Debug|x64.ActiveCfg = Debug|x64
		{3AE04C3A-1036-42DC-B4E9-1EB5C2A24B60}.Debug|x64.Build.0 = Debug|x64
		{3AE04C3A-1036-42DC-B4E9-1EB5C2A24B60}.Debug|x86.ActiveCfg = Debug|Win32
		{3AE04C3A-1036-42DC-B4E9-1EB5C2A24B60}.Debug|x86.Build.0 = Debug|Win32
		{3AE04C3A-1036-42DC-B4E9-1EB5C2A24B60}.Release|x64.ActiveCfg = Release|x64
		{3AE04C3A-1036-42DC-B4E9-1EB5C2A24B60}.Release|x64.Build.0 = Release|x64
		{3AE04C3A-1036-42DC-B4E9-1EB5C2A24B60}.Release|x86.ActiveCfg = Release|Win32
		{3AE04C3A-1036-42DC-B4E9-1EB5C2A24B60}.Release|x86.Build.0 = Release|Win32
	EndGlobalSection
	GlobalSection(SolutionProperties) = preSolution
		HideSolutionNode = FALSE
	EndGlobalSection
	GlobalSection(ExtensibilityGlobals) = postSolution
		SolutionGuid = {709D9A67-5DC2-4DA9-A3AB-63755C0BFA96}
	EndGlobalSection
EndGlobal
